{
  "name": "authwithreactandhono",
  "lockfileVersion": 3,
  "requires": true,
  "packages": {
    "": {
      "name": "authwithreactandhono",
      "dependencies": {
        "authwithreactandhono": "file:"
      }
    },
    "node_modules/authwithreactandhono": {
      "resolved": "",
      "link": true
    }
  }
}
